
Microsoft Visual Studio Solution File, Format Version 12.00
# Visual Studio Version 17
VisualStudioVersion = 17.4.33213.308
MinimumVisualStudioVersion = 10.0.40219.1
Project("{FAE04EC0-301F-11D3-BF4B-00C04F79EFBC}") = "VistasSecuriDoor.Android", "VistasSecuriDoor\VistasSecuriDoor.Android\VistasSecuriDoor.Android.csproj", "{44D64A09-6CF9-48C4-A13D-B52674E8EAF4}"
EndProject
Project("{FAE04EC0-301F-11D3-BF4B-00C04F79EFBC}") = "VistasSecuriDoor.iOS", "VistasSecuriDoor\VistasSecuriDoor.iOS\VistasSecuriDoor.iOS.csproj", "{6704078F-7608-4834-802E-497A8B13731C}"
EndProject
Project("{FAE04EC0-301F-11D3-BF4B-00C04F79EFBC}") = "VistasSecuriDoor", "VistasSecuriDoor\VistasSecuriDoor\VistasSecuriDoor.csproj", "{F6B875B4-7956-4012-9356-693876BE2E14}"
EndProject
Global
	GlobalSection(SolutionConfigurationPlatforms) = preSolution
		Debug|Any CPU = Debug|Any CPU
		Debug|iPhone = Debug|iPhone
		Debug|iPhoneSimulator = Debug|iPhoneSimulator
		Release|Any CPU = Release|Any CPU
		Release|iPhone = Release|iPhone
		Release|iPhoneSimulator = Release|iPhoneSimulator
	EndGlobalSection
	GlobalSection(ProjectConfigurationPlatforms) = postSolution
		{44D64A09-6CF9-48C4-A13D-B52674E8EAF4}.Debug|Any CPU.ActiveCfg = Debug|Any CPU
		{44D64A09-6CF9-48C4-A13D-B52674E8EAF4}.Debug|Any CPU.Build.0 = Debug|Any CPU
		{44D64A09-6CF9-48C4-A13D-B52674E8EAF4}.Debug|Any CPU.Deploy.0 = Debug|Any CPU
		{44D64A09-6CF9-48C4-A13D-B52674E8EAF4}.Debug|iPhone.ActiveCfg = Debug|Any CPU
		{44D64A09-6CF9-48C4-A13D-B52674E8EAF4}.Debug|iPhone.Build.0 = Debug|Any CPU
		{44D64A09-6CF9-48C4-A13D-B52674E8EAF4}.Debug|iPhone.Deploy.0 = Debug|Any CPU
		{44D64A09-6CF9-48C4-A13D-B52674E8EAF4}.Debug|iPhoneSimulator.ActiveCfg = Debug|Any CPU
		{44D64A09-6CF9-48C4-A13D-B52674E8EAF4}.Debug|iPhoneSimulator.Build.0 = Debug|Any CPU
		{44D64A09-6CF9-48C4-A13D-B52674E8EAF4}.Debug|iPhoneSimulator.Deploy.0 = Debug|Any CPU
		{44D64A09-6CF9-48C4-A13D-B52674E8EAF4}.Release|Any CPU.ActiveCfg = Release|Any CPU
		{44D64A09-6CF9-48C4-A13D-B52674E8EAF4}.Release|Any CPU.Build.0 = Release|Any CPU
		{44D64A09-6CF9-48C4-A13D-B52674E8EAF4}.Release|Any CPU.Deploy.0 = Release|Any CPU
		{44D64A09-6CF9-48C4-A13D-B52674E8EAF4}.Release|iPhone.ActiveCfg = Release|Any CPU
		{44D64A09-6CF9-48C4-A13D-B52674E8EAF4}.Release|iPhone.Build.0 = Release|Any CPU
		{44D64A09-6CF9-48C4-A13D-B52674E8EAF4}.Release|iPhone.Deploy.0 = Release|Any CPU
		{44D64A09-6CF9-48C4-A13D-B52674E8EAF4}.Release|iPhoneSimulator.ActiveCfg = Release|Any CPU
		{44D64A09-6CF9-48C4-A13D-B52674E8EAF4}.Release|iPhoneSimulator.Build.0 = Release|Any CPU
		{44D64A09-6CF9-48C4-A13D-B52674E8EAF4}.Release|iPhoneSimulator.Deploy.0 = Release|Any CPU
		{6704078F-7608-4834-802E-497A8B13731C}.Debug|Any CPU.ActiveCfg = Debug|iPhone
		{6704078F-7608-4834-802E-497A8B13731C}.Debug|Any CPU.Build.0 = Debug|iPhone
		{6704078F-7608-4834-802E-497A8B13731C}.Debug|Any CPU.Deploy.0 = Debug|iPhone
		{6704078F-7608-4834-802E-497A8B13731C}.Debug|iPhone.ActiveCfg = Debug|iPhone
		{6704078F-7608-4834-802E-497A8B13731C}.Debug|iPhone.Build.0 = Debug|iPhone
		{6704078F-7608-4834-802E-497A8B13731C}.Debug|iPhone.Deploy.0 = Debug|iPhone
		{6704078F-7608-4834-802E-497A8B13731C}.Debug|iPhoneSimulator.ActiveCfg = Debug|iPhoneSimulator
		{6704078F-7608-4834-802E-497A8B13731C}.Debug|iPhoneSimulator.Build.0 = Debug|iPhoneSimulator
		{6704078F-7608-4834-802E-497A8B13731C}.Debug|iPhoneSimulator.Deploy.0 = Debug|iPhoneSimulator
		{6704078F-7608-4834-802E-497A8B13731C}.Release|Any CPU.ActiveCfg = Release|iPhoneSimulator
		{6704078F-7608-4834-802E-497A8B13731C}.Release|Any CPU.Build.0 = Release|iPhoneSimulator
		{6704078F-7608-4834-802E-497A8B13731C}.Release|Any CPU.Deploy.0 = Release|iPhoneSimulator
		{6704078F-7608-4834-802E-497A8B13731C}.Release|iPhone.ActiveCfg = Release|iPhone
		{6704078F-7608-4834-802E-497A8B13731C}.Release|iPhone.Build.0 = Release|iPhone
		{6704078F-7608-4834-802E-497A8B13731C}.Release|iPhone.Deploy.0 = Release|iPhone
		{6704078F-7608-4834-802E-497A8B13731C}.Release|iPhoneSimulator.ActiveCfg = Release|iPhoneSimulator
		{6704078F-7608-4834-802E-497A8B13731C}.Release|iPhoneSimulator.Build.0 = Release|iPhoneSimulator
		{6704078F-7608-4834-802E-497A8B13731C}.Release|iPhoneSimulator.Deploy.0 = Release|iPhoneSimulator
		{F6B875B4-7956-4012-9356-693876BE2E14}.Debug|Any CPU.ActiveCfg = Debug|Any CPU
		{F6B875B4-7956-4012-9356-693876BE2E14}.Debug|Any CPU.Build.0 = Debug|Any CPU
		{F6B875B4-7956-4012-9356-693876BE2E14}.Debug|Any CPU.Deploy.0 = Debug|Any CPU
		{F6B875B4-7956-4012-9356-693876BE2E14}.Debug|iPhone.ActiveCfg = Debug|Any CPU
		{F6B875B4-7956-4012-9356-693876BE2E14}.Debug|iPhone.Build.0 = Debug|Any CPU
		{F6B875B4-7956-4012-9356-693876BE2E14}.Debug|iPhone.Deploy.0 = Debug|Any CPU
		{F6B875B4-7956-4012-9356-693876BE2E14}.Debug|iPhoneSimulator.ActiveCfg = Debug|Any CPU
		{F6B875B4-7956-4012-9356-693876BE2E14}.Debug|iPhoneSimulator.Build.0 = Debug|Any CPU
		{F6B875B4-7956-4012-9356-693876BE2E14}.Debug|iPhoneSimulator.Deploy.0 = Debug|Any CPU
		{F6B875B4-7956-4012-9356-693876BE2E14}.Release|Any CPU.ActiveCfg = Release|Any CPU
		{F6B875B4-7956-4012-9356-693876BE2E14}.Release|Any CPU.Build.0 = Release|Any CPU
		{F6B875B4-7956-4012-9356-693876BE2E14}.Release|Any CPU.Deploy.0 = Release|Any CPU
		{F6B875B4-7956-4012-9356-693876BE2E14}.Release|iPhone.ActiveCfg = Release|Any CPU
		{F6B875B4-7956-4012-9356-693876BE2E14}.Release|iPhone.Build.0 = Release|Any CPU
		{F6B875B4-7956-4012-9356-693876BE2E14}.Release|iPhone.Deploy.0 = Release|Any CPU
		{F6B875B4-7956-4012-9356-693876BE2E14}.Release|iPhoneSimulator.ActiveCfg = Release|Any CPU
		{F6B875B4-7956-4012-9356-693876BE2E14}.Release|iPhoneSimulator.Build.0 = Release|Any CPU
		{F6B875B4-7956-4012-9356-693876BE2E14}.Release|iPhoneSimulator.Deploy.0 = Release|Any CPU
	EndGlobalSection
	GlobalSection(SolutionProperties) = preSolution
		HideSolutionNode = FALSE
	EndGlobalSection
	GlobalSection(ExtensibilityGlobals) = postSolution
		SolutionGuid = {2CE64822-FFE6-43EE-A412-B87AAD43D7EE}
	EndGlobalSection
EndGlobal
